
Microsoft Visual Studio Solution File, Format Version 12.00
# Visual Studio 14
VisualStudioVersion = 14.0.25420.1
MinimumVisualStudioVersion = 10.0.40219.1
Project("{FAE04EC0-301F-11D3-BF4B-00C04F79EFBC}") = "fbchat-sharp", "fbchat-sharp\fbchat-sharp.csproj", "{DB5CF1EA-533E-41F9-BB99-F9435E3B64C9}"
EndProject
Project("{FAE04EC0-301F-11D3-BF4B-00C04F79EFBC}") = "examples", "examples\examples.csproj", "{F541B940-735A-4697-8019-D3F9631580EC}"
EndProject
Global
	GlobalSection(SolutionConfigurationPlatforms) = preSolution
		Debug|Any CPU = Debug|Any CPU
		Release|Any CPU = Release|Any CPU
	EndGlobalSection
	GlobalSection(ProjectConfigurationPlatforms) = postSolution
		{DB5CF1EA-533E-41F9-BB99-F9435E3B64C9}.Debug|Any CPU.ActiveCfg = Debug|Any CPU
		{DB5CF1EA-533E-41F9-BB99-F9435E3B64C9}.Debug|Any CPU.Build.0 = Debug|Any CPU
		{DB5CF1EA-533E-41F9-BB99-F9435E3B64C9}.Release|Any CPU.ActiveCfg = Release|Any CPU
		{DB5CF1EA-533E-41F9-BB99-F9435E3B64C9}.Release|Any CPU.Build.0 = Release|Any CPU
		{F541B940-735A-4697-8019-D3F9631580EC}.Debug|Any CPU.ActiveCfg = Debug|Any CPU
		{F541B940-735A-4697-8019-D3F9631580EC}.Debug|Any CPU.Build.0 = Debug|Any CPU
		{F541B940-735A-4697-8019-D3F9631580EC}.Release|Any CPU.ActiveCfg = Release|Any CPU
		{F541B940-735A-4697-8019-D3F9631580EC}.Release|Any CPU.Build.0 = Release|Any CPU
	EndGlobalSection
	GlobalSection(SolutionProperties) = preSolution
		HideSolutionNode = FALSE
	EndGlobalSection
EndGlobal
