
Microsoft Visual Studio Solution File, Format Version 12.00
# Visual Studio 15
VisualStudioVersion = 15.0.28010.2019
MinimumVisualStudioVersion = 10.0.40219.1
Project("{FAE04EC0-301F-11D3-BF4B-00C04F79EFBC}") = "fbchat-sharp", "fbchat-sharp\fbchat-sharp.csproj", "{DB5CF1EA-533E-41F9-BB99-F9435E3B64C9}"
EndProject
Project("{9A19103F-16F7-4668-BE54-9A1E7A4F7556}") = "netcore", "examples\netcore\netcore.csproj", "{253B3FE2-D04B-4EE0-900B-1E36E08DF21A}"
EndProject
Project("{FAE04EC0-301F-11D3-BF4B-00C04F79EFBC}") = "wpfapp", "examples\wpfapp\wpfapp.csproj", "{178813BA-7311-40E8-8CCE-1C1FD189AF53}"
EndProject
Project("{9A19103F-16F7-4668-BE54-9A1E7A4F7556}") = "AsyncEnumerable", "AsyncEnumerable\AsyncEnumerable.csproj", "{C8728FCC-81D6-40C1-97A3-ACA51E715F9A}"
EndProject
Project("{FAE04EC0-301F-11D3-BF4B-00C04F79EFBC}") = "fbchat-sharp-ws", "fbchat-sharp-ws\fbchat-sharp-ws.csproj", "{35C89C90-2335-4A2A-A625-B962106A2DF8}"
EndProject
Global
	GlobalSection(SolutionConfigurationPlatforms) = preSolution
		Debug|Any CPU = Debug|Any CPU
		Release|Any CPU = Release|Any CPU
	EndGlobalSection
	GlobalSection(ProjectConfigurationPlatforms) = postSolution
		{DB5CF1EA-533E-41F9-BB99-F9435E3B64C9}.Debug|Any CPU.ActiveCfg = Debug|Any CPU
		{DB5CF1EA-533E-41F9-BB99-F9435E3B64C9}.Debug|Any CPU.Build.0 = Debug|Any CPU
		{DB5CF1EA-533E-41F9-BB99-F9435E3B64C9}.Release|Any CPU.ActiveCfg = Release|Any CPU
		{DB5CF1EA-533E-41F9-BB99-F9435E3B64C9}.Release|Any CPU.Build.0 = Release|Any CPU
		{253B3FE2-D04B-4EE0-900B-1E36E08DF21A}.Debug|Any CPU.ActiveCfg = Debug|Any CPU
		{253B3FE2-D04B-4EE0-900B-1E36E08DF21A}.Debug|Any CPU.Build.0 = Debug|Any CPU
		{253B3FE2-D04B-4EE0-900B-1E36E08DF21A}.Release|Any CPU.ActiveCfg = Release|Any CPU
		{253B3FE2-D04B-4EE0-900B-1E36E08DF21A}.Release|Any CPU.Build.0 = Release|Any CPU
		{178813BA-7311-40E8-8CCE-1C1FD189AF53}.Debug|Any CPU.ActiveCfg = Debug|Any CPU
		{178813BA-7311-40E8-8CCE-1C1FD189AF53}.Debug|Any CPU.Build.0 = Debug|Any CPU
		{178813BA-7311-40E8-8CCE-1C1FD189AF53}.Release|Any CPU.ActiveCfg = Release|Any CPU
		{178813BA-7311-40E8-8CCE-1C1FD189AF53}.Release|Any CPU.Build.0 = Release|Any CPU
		{C8728FCC-81D6-40C1-97A3-ACA51E715F9A}.Debug|Any CPU.ActiveCfg = Debug|Any CPU
		{C8728FCC-81D6-40C1-97A3-ACA51E715F9A}.Debug|Any CPU.Build.0 = Debug|Any CPU
		{C8728FCC-81D6-40C1-97A3-ACA51E715F9A}.Release|Any CPU.ActiveCfg = Release|Any CPU
		{C8728FCC-81D6-40C1-97A3-ACA51E715F9A}.Release|Any CPU.Build.0 = Release|Any CPU
		{35C89C90-2335-4A2A-A625-B962106A2DF8}.Debug|Any CPU.ActiveCfg = Debug|Any CPU
		{35C89C90-2335-4A2A-A625-B962106A2DF8}.Debug|Any CPU.Build.0 = Debug|Any CPU
		{35C89C90-2335-4A2A-A625-B962106A2DF8}.Release|Any CPU.ActiveCfg = Release|Any CPU
		{35C89C90-2335-4A2A-A625-B962106A2DF8}.Release|Any CPU.Build.0 = Release|Any CPU
	EndGlobalSection
	GlobalSection(SolutionProperties) = preSolution
		HideSolutionNode = FALSE
	EndGlobalSection
	GlobalSection(ExtensibilityGlobals) = postSolution
		SolutionGuid = {97F2F21B-6DC6-417F-B4C6-7693AC9384ED}
	EndGlobalSection
EndGlobal
